
Microsoft Visual Studio Solution File, Format Version 12.00
# Visual Studio 15
Project("{FAE04EC0-301F-11D3-BF4B-00C04F79EFBC}") = "ProyectoPrueba", "ProyectoPrueba.csproj", "{F2B49693-529A-4A30-B964-9BFD49C825E8}"
EndProject
Global
	GlobalSection(SolutionConfigurationPlatforms) = preSolution
		Debug|anycpu = Debug|anycpu
		Release|anycpu = Release|anycpu
	EndGlobalSection
	GlobalSection(ProjectConfigurationPlatforms) = postSolution
		{F2B49693-529A-4A30-B964-9BFD49C825E8}.Debug|anycpu.ActiveCfg = Debug|anycpu
		{F2B49693-529A-4A30-B964-9BFD49C825E8}.Debug|anycpu.Build.0 = Debug|anycpu
		{F2B49693-529A-4A30-B964-9BFD49C825E8}.Release|anycpu.ActiveCfg = Release|anycpu
		{F2B49693-529A-4A30-B964-9BFD49C825E8}.Release|anycpu.Build.0 = Release|anycpu
	EndGlobalSection
EndGlobal
